// !$*UTF8*$!
{
	archiveVersion = 1;
	classes = {
	};
	objectVersion = 50;
	objects = {

/* Begin PBXBuildFile section */
		1822BFEC2D78001800310016 /* AppDelegate.swift in Sources */ = {isa = PBXBuildFile; fileRef = 1822BFEB2D78001800310016 /* AppDelegate.swift */; };
		1822BFEE2D78001800310016 /* SceneDelegate.swift in Sources */ = {isa = PBXBuildFile; fileRef = 1822BFED2D78001800310016 /* SceneDelegate.swift */; };
		1822BFF02D78001800310016 /* ViewController.swift in Sources */ = {isa = PBXBuildFile; fileRef = 1822BFEF2D78001800310016 /* ViewController.swift */; };
		1822BFF32D78001800310016 /* Main.storyboard in Resources */ = {isa = PBXBuildFile; fileRef = 1822BFF12D78001800310016 /* Main.storyboard */; };
		1822BFF52D78001B00310016 /* Assets.xcassets in Resources */ = {isa = PBXBuildFile; fileRef = 1822BFF42D78001B00310016 /* Assets.xcassets */; };
		1822BFF82D78001B00310016 /* LaunchScreen.storyboard in Resources */ = {isa = PBXBuildFile; fileRef = 1822BFF62D78001B00310016 /* LaunchScreen.storyboard */; };
		1822C0002D78004000310016 /* Settings.bundle in Resources */ = {isa = PBXBuildFile; fileRef = 1822BFFF2D78004000310016 /* Settings.bundle */; };
		188E67FB2D7925CD007DADAF /* UIViewExtensions.swift in Sources */ = {isa = PBXBuildFile; fileRef = 188E67FA2D7925CD007DADAF /* UIViewExtensions.swift */; };
/* End PBXBuildFile section */

/* Begin PBXFileReference section */
		1822BFE82D78001800310016 /* CoverItExample.app */ = {isa = PBXFileReference; explicitFileType = wrapper.application; includeInIndex = 0; path = CoverItExample.app; sourceTree = BUILT_PRODUCTS_DIR; };
		1822BFEB2D78001800310016 /* AppDelegate.swift */ = {isa = PBXFileReference; lastKnownFileType = sourcecode.swift; path = AppDelegate.swift; sourceTree = "<group>"; };
		1822BFED2D78001800310016 /* SceneDelegate.swift */ = {isa = PBXFileReference; lastKnownFileType = sourcecode.swift; path = SceneDelegate.swift; sourceTree = "<group>"; };
		1822BFEF2D78001800310016 /* ViewController.swift */ = {isa = PBXFileReference; lastKnownFileType = sourcecode.swift; path = ViewController.swift; sourceTree = "<group>"; };
		1822BFF22D78001800310016 /* Base */ = {isa = PBXFileReference; lastKnownFileType = file.storyboard; name = Base; path = Base.lproj/Main.storyboard; sourceTree = "<group>"; };
		1822BFF42D78001B00310016 /* Assets.xcassets */ = {isa = PBXFileReference; lastKnownFileType = folder.assetcatalog; path = Assets.xcassets; sourceTree = "<group>"; };
		1822BFF72D78001B00310016 /* Base */ = {isa = PBXFileReference; lastKnownFileType = file.storyboard; name = Base; path = Base.lproj/LaunchScreen.storyboard; sourceTree = "<group>"; };
		1822BFF92D78001B00310016 /* Info.plist */ = {isa = PBXFileReference; lastKnownFileType = text.plist.xml; path = Info.plist; sourceTree = "<group>"; };
		1822BFFF2D78004000310016 /* Settings.bundle */ = {isa = PBXFileReference; lastKnownFileType = "wrapper.plug-in"; path = Settings.bundle; sourceTree = "<group>"; };
		188E67FA2D7925CD007DADAF /* UIViewExtensions.swift */ = {isa = PBXFileReference; lastKnownFileType = sourcecode.swift; name = UIViewExtensions.swift; path = "CoverItExample-older/UIViewExtensions.swift"; sourceTree = "<group>"; };
/* End PBXFileReference section */

/* Begin PBXFrameworksBuildPhase section */
		1822BFE52D78001800310016 /* Frameworks */ = {
			isa = PBXFrameworksBuildPhase;
			buildActionMask = 2147483647;
			files = (
			);
			runOnlyForDeploymentPostprocessing = 0;
		};
/* End PBXFrameworksBuildPhase section */

/* Begin PBXGroup section */
		1822BFDF2D78001800310016 = {
			isa = PBXGroup;
			children = (
				188E67FA2D7925CD007DADAF /* UIViewExtensions.swift */,
				1822BFFF2D78004000310016 /* Settings.bundle */,
				1822BFEA2D78001800310016 /* CoverItExample-older */,
				1822BFE92D78001800310016 /* Products */,
			);
			sourceTree = "<group>";
		};
		1822BFE92D78001800310016 /* Products */ = {
			isa = PBXGroup;
			children = (
				1822BFE82D78001800310016 /* CoverItExample.app */,
			);
			name = Products;
			sourceTree = "<group>";
		};
		1822BFEA2D78001800310016 /* CoverItExample-older */ = {
			isa = PBXGroup;
			children = (
				1822BFEB2D78001800310016 /* AppDelegate.swift */,
				1822BFED2D78001800310016 /* SceneDelegate.swift */,
				1822BFEF2D78001800310016 /* ViewController.swift */,
				1822BFF12D78001800310016 /* Main.storyboard */,
				1822BFF42D78001B00310016 /* Assets.xcassets */,
				1822BFF62D78001B00310016 /* LaunchScreen.storyboard */,
				1822BFF92D78001B00310016 /* Info.plist */,
			);
			path = "CoverItExample-older";
			sourceTree = "<group>";
		};
/* End PBXGroup section */

/* Begin PBXNativeTarget section */
		1822BFE72D78001800310016 /* CoverItExample */ = {
			isa = PBXNativeTarget;
			buildConfigurationList = 1822BFFC2D78001B00310016 /* Build configuration list for PBXNativeTarget "CoverItExample" */;
			buildPhases = (
				1822BFE42D78001800310016 /* Sources */,
				1822BFE52D78001800310016 /* Frameworks */,
				1822BFE62D78001800310016 /* Resources */,
			);
			buildRules = (
			);
			dependencies = (
			);
			name = CoverItExample;
			productName = "CoverItExample-older";
			productReference = 1822BFE82D78001800310016 /* CoverItExample.app */;
			productType = "com.apple.product-type.application";
		};
/* End PBXNativeTarget section */

/* Begin PBXProject section */
		1822BFE02D78001800310016 /* Project object */ = {
			isa = PBXProject;
			attributes = {
				LastSwiftUpdateCheck = 1130;
				LastUpgradeCheck = 1130;
				ORGANIZATIONNAME = "Tycom Systems";
				TargetAttributes = {
					1822BFE72D78001800310016 = {
						CreatedOnToolsVersion = 11.3.1;
					};
				};
			};
			buildConfigurationList = 1822BFE32D78001800310016 /* Build configuration list for PBXProject "CoverItExample" */;
			compatibilityVersion = "Xcode 9.3";
			developmentRegion = en;
			hasScannedForEncodings = 0;
			knownRegions = (
				en,
				Base,
			);
			mainGroup = 1822BFDF2D78001800310016;
			productRefGroup = 1822BFE92D78001800310016 /* Products */;
			projectDirPath = "";
			projectRoot = "";
			targets = (
				1822BFE72D78001800310016 /* CoverItExample */,
			);
		};
/* End PBXProject section */

/* Begin PBXResourcesBuildPhase section */
		1822BFE62D78001800310016 /* Resources */ = {
			isa = PBXResourcesBuildPhase;
			buildActionMask = 2147483647;
			files = (
				1822C0002D78004000310016 /* Settings.bundle in Resources */,
				1822BFF82D78001B00310016 /* LaunchScreen.storyboard in Resources */,
				1822BFF52D78001B00310016 /* Assets.xcassets in Resources */,
				1822BFF32D78001800310016 /* Main.storyboard in Resources */,
			);
			runOnlyForDeploymentPostprocessing = 0;
		};
/* End PBXResourcesBuildPhase section */

/* Begin PBXSourcesBuildPhase section */
		1822BFE42D78001800310016 /* Sources */ = {
			isa = PBXSourcesBuildPhase;
			buildActionMask = 2147483647;
			files = (
				1822BFF02D78001800310016 /* ViewController.swift in Sources */,
				1822BFEC2D78001800310016 /* AppDelegate.swift in Sources */,
				188E67FB2D7925CD007DADAF /* UIViewExtensions.swift in Sources */,
				1822BFEE2D78001800310016 /* SceneDelegate.swift in Sources */,
			);
			runOnlyForDeploymentPostprocessing = 0;
		};
/* End PBXSourcesBuildPhase section */

/* Begin PBXVariantGroup section */
		1822BFF12D78001800310016 /* Main.storyboard */ = {
			isa = PBXVariantGroup;
			children = (
				1822BFF22D78001800310016 /* Base */,
			);
			name = Main.storyboard;
			sourceTree = "<group>";
		};
		1822BFF62D78001B00310016 /* LaunchScreen.storyboard */ = {
			isa = PBXVariantGroup;
			children = (
				1822BFF72D78001B00310016 /* Base */,
			);
			name = LaunchScreen.storyboard;
			sourceTree = "<group>";
		};
/* End PBXVariantGroup section */

/* Begin XCBuildConfiguration section */
		1822BFFA2D78001B00310016 /* Debug */ = {
			isa = XCBuildConfiguration;
			buildSettings = {
				ALWAYS_SEARCH_USER_PATHS = NO;
				CLANG_ANALYZER_NONNULL = YES;
				CLANG_ANALYZER_NUMBER_OBJECT_CONVERSION = YES_AGGRESSIVE;
				CLANG_CXX_LANGUAGE_STANDARD = "gnu++14";
				CLANG_CXX_LIBRARY = "libc++";
				CLANG_ENABLE_MODULES = YES;
				CLANG_ENABLE_OBJC_ARC = YES;
				CLANG_ENABLE_OBJC_WEAK = YES;
				CLANG_WARN_BLOCK_CAPTURE_AUTORELEASING = YES;
				CLANG_WARN_BOOL_CONVERSION = YES;
				CLANG_WARN_COMMA = YES;
				CLANG_WARN_CONSTANT_CONVERSION = YES;
				CLANG_WARN_DEPRECATED_OBJC_IMPLEMENTATIONS = YES;
				CLANG_WARN_DIRECT_OBJC_ISA_USAGE = YES_ERROR;
				CLANG_WARN_DOCUMENTATION_COMMENTS = YES;
				CLANG_WARN_EMPTY_BODY = YES;
				CLANG_WARN_ENUM_CONVERSION = YES;
				CLANG_WARN_INFINITE_RECURSION = YES;
				CLANG_WARN_INT_CONVERSION = YES;
				CLANG_WARN_NON_LITERAL_NULL_CONVERSION = YES;
				CLANG_WARN_OBJC_IMPLICIT_RETAIN_SELF = YES;
				CLANG_WARN_OBJC_LITERAL_CONVERSION = YES;
				CLANG_WARN_OBJC_ROOT_CLASS = YES_ERROR;
				CLANG_WARN_RANGE_LOOP_ANALYSIS = YES;
				CLANG_WARN_STRICT_PROTOTYPES = YES;
				CLANG_WARN_SUSPICIOUS_MOVE = YES;
				CLANG_WARN_UNGUARDED_AVAILABILITY = YES_AGGRESSIVE;
				CLANG_WARN_UNREACHABLE_CODE = YES;
				CLANG_WARN__DUPLICATE_METHOD_MATCH = YES;
				COPY_PHASE_STRIP = NO;
				DEBUG_INFORMATION_FORMAT = dwarf;
				ENABLE_STRICT_OBJC_MSGSEND = YES;
				ENABLE_TESTABILITY = YES;
				GCC_C_LANGUAGE_STANDARD = gnu11;
				GCC_DYNAMIC_NO_PIC = NO;
				GCC_NO_COMMON_BLOCKS = YES;
				GCC_OPTIMIZATION_LEVEL = 0;
				GCC_PREPROCESSOR_DEFINITIONS = (
					"DEBUG=1",
					"$(inherited)",
				);
				GCC_WARN_64_TO_32_BIT_CONVERSION = YES;
				GCC_WARN_ABOUT_RETURN_TYPE = YES_ERROR;
				GCC_WARN_UNDECLARED_SELECTOR = YES;
				GCC_WARN_UNINITIALIZED_AUTOS = YES_AGGRESSIVE;
				GCC_WARN_UNUSED_FUNCTION = YES;
				GCC_WARN_UNUSED_VARIABLE = YES;
				IPHONEOS_DEPLOYMENT_TARGET = 13.2;
				MTL_ENABLE_DEBUG_INFO = INCLUDE_SOURCE;
				MTL_FAST_MATH = YES;
				ONLY_ACTIVE_ARCH = YES;
				SDKROOT = iphoneos;
				SWIFT_ACTIVE_COMPILATION_CONDITIONS = DEBUG;
				SWIFT_OPTIMIZATION_LEVEL = "-Onone";
			};
			name = Debug;
		};
		1822BFFB2D78001B00310016 /* Release */ = {
			isa = XCBuildConfiguration;
			buildSettings = {
				ALWAYS_SEARCH_USER_PATHS = NO;
				CLANG_ANALYZER_NONNULL = YES;
				CLANG_ANALYZER_NUMBER_OBJECT_CONVERSION = YES_AGGRESSIVE;
				CLANG_CXX_LANGUAGE_STANDARD = "gnu++14";
				CLANG_CXX_LIBRARY = "libc++";
				CLANG_ENABLE_MODULES = YES;
				CLANG_ENABLE_OBJC_ARC = YES;
				CLANG_ENABLE_OBJC_WEAK = YES;
				CLANG_WARN_BLOCK_CAPTURE_AUTORELEASING = YES;
				CLANG_WARN_BOOL_CONVERSION = YES;
				CLANG_WARN_COMMA = YES;
				CLANG_WARN_CONSTANT_CONVERSION = YES;
				CLANG_WARN_DEPRECATED_OBJC_IMPLEMENTATIONS = YES;
				CLANG_WARN_DIRECT_OBJC_ISA_USAGE = YES_ERROR;
				CLANG_WARN_DOCUMENTATION_COMMENTS = YES;
				CLANG_WARN_EMPTY_BODY = YES;
				CLANG_WARN_ENUM_CONVERSION = YES;
				CLANG_WARN_INFINITE_RECURSION = YES;
				CLANG_WARN_INT_CONVERSION = YES;
				CLANG_WARN_NON_LITERAL_NULL_CONVERSION = YES;
				CLANG_WARN_OBJC_IMPLICIT_RETAIN_SELF = YES;
				CLANG_WARN_OBJC_LITERAL_CONVERSION = YES;
				CLANG_WARN_OBJC_ROOT_CLASS = YES_ERROR;
				CLANG_WARN_RANGE_LOOP_ANALYSIS = YES;
				CLANG_WARN_STRICT_PROTOTYPES = YES;
				CLANG_WARN_SUSPICIOUS_MOVE = YES;
				CLANG_WARN_UNGUARDED_AVAILABILITY = YES_AGGRESSIVE;
				CLANG_WARN_UNREACHABLE_CODE = YES;
				CLANG_WARN__DUPLICATE_METHOD_MATCH = YES;
				COPY_PHASE_STRIP = NO;
				DEBUG_INFORMATION_FORMAT = "dwarf-with-dsym";
				ENABLE_NS_ASSERTIONS = NO;
				ENABLE_STRICT_OBJC_MSGSEND = YES;
				GCC_C_LANGUAGE_STANDARD = gnu11;
				GCC_NO_COMMON_BLOCKS = YES;
				GCC_WARN_64_TO_32_BIT_CONVERSION = YES;
				GCC_WARN_ABOUT_RETURN_TYPE = YES_ERROR;
				GCC_WARN_UNDECLARED_SELECTOR = YES;
				GCC_WARN_UNINITIALIZED_AUTOS = YES_AGGRESSIVE;
				GCC_WARN_UNUSED_FUNCTION = YES;
				GCC_WARN_UNUSED_VARIABLE = YES;
				IPHONEOS_DEPLOYMENT_TARGET = 13.2;
				MTL_ENABLE_DEBUG_INFO = NO;
				MTL_FAST_MATH = YES;
				SDKROOT = iphoneos;
				SWIFT_COMPILATION_MODE = wholemodule;
				SWIFT_OPTIMIZATION_LEVEL = "-O";
				VALIDATE_PRODUCT = YES;
			};
			name = Release;
		};
		1822BFFD2D78001B00310016 /* Debug */ = {
			isa = XCBuildConfiguration;
			buildSettings = {
				ASSETCATALOG_COMPILER_APPICON_NAME = AppIcon;
				CODE_SIGN_STYLE = Automatic;
				DEVELOPMENT_TEAM = YS5U6KVKNM;
				INFOPLIST_FILE = "CoverItExample-older/Info.plist";
				IPHONEOS_DEPLOYMENT_TARGET = 18.0;
				LD_RUNPATH_SEARCH_PATHS = (
					"$(inherited)",
					"@executable_path/Frameworks",
				);
				PRODUCT_BUNDLE_IDENTIFIER = com.tycomsystems.CoverItExample;
				PRODUCT_NAME = CoverItExample;
				SWIFT_VERSION = 5.0;
				TARGETED_DEVICE_FAMILY = "1,2";
			};
			name = Debug;
		};
		1822BFFE2D78001B00310016 /* Release */ = {
			isa = XCBuildConfiguration;
			buildSettings = {
				ASSETCATALOG_COMPILER_APPICON_NAME = AppIcon;
				CODE_SIGN_STYLE = Automatic;
				DEVELOPMENT_TEAM = YS5U6KVKNM;
				INFOPLIST_FILE = "CoverItExample-older/Info.plist";
				IPHONEOS_DEPLOYMENT_TARGET = 18.0;
				LD_RUNPATH_SEARCH_PATHS = (
					"$(inherited)",
					"@executable_path/Frameworks",
				);
				PRODUCT_BUNDLE_IDENTIFIER = com.tycomsystems.CoverItExample;
				PRODUCT_NAME = CoverItExample;
				SWIFT_VERSION = 5.0;
				TARGETED_DEVICE_FAMILY = "1,2";
			};
			name = Release;
		};
/* End XCBuildConfiguration section */

/* Begin XCConfigurationList section */
		1822BFE32D78001800310016 /* Build configuration list for PBXProject "CoverItExample" */ = {
			isa = XCConfigurationList;
			buildConfigurations = (
				1822BFFA2D78001B00310016 /* Debug */,
				1822BFFB2D78001B00310016 /* Release */,
			);
			defaultConfigurationIsVisible = 0;
			defaultConfigurationName = Release;
		};
		1822BFFC2D78001B00310016 /* Build configuration list for PBXNativeTarget "CoverItExample" */ = {
			isa = XCConfigurationList;
			buildConfigurations = (
				1822BFFD2D78001B00310016 /* Debug */,
				1822BFFE2D78001B00310016 /* Release */,
			);
			defaultConfigurationIsVisible = 0;
			defaultConfigurationName = Release;
		};
/* End XCConfigurationList section */
	};
	rootObject = 1822BFE02D78001800310016 /* Project object */;
}
